{
  "meteor": {},
  "dependencies": {
    "basePackages": {
      "accounts-persona": {},
      "handlebar-helpers": {},
      "sugarjs": {},
      "moment": {},
      "bootstrap3-less": {}
    },
    "packages": {
      "accounts-persona": {
        "git": "https://github.com/vladikoff/meteor-accounts-persona.git",
        "tag": "v0.1.6",
        "commit": "5b8110dad901a69f674e6a0381e074567fe1b4d9"
      },
      "handlebar-helpers": {
        "git": "https://github.com/raix/Meteor-handlebar-helpers.git",
        "tag": "v0.0.9",
        "commit": "71e94c99462b8801a34c5363510758b6ff5f5ac7"
      },
      "sugarjs": {
        "git": "https://github.com/crapthings/meteor-sugarjs.git",
        "tag": "v1.4.0.1",
        "commit": "2841738b2c28d2d97c6cf3c41c4558f59f93db0e"
      },
      "moment": {
        "git": "https://github.com/acreeger/meteor-moment.git",
        "tag": "v2.2.1",
        "commit": "9ee12e714afe56b189f53076447b7b54f3012065"
      },
      "bootstrap3-less": {
        "git": "https://github.com/eprochasson/bootstrap3-less",
        "tag": "v0.1.5",
        "commit": "5074432c020ffc7a676a812e92104ce0fa96080f"
      }
    }
  }
}
